// !$*UTF8*$!
{
	archiveVersion = 1;
	classes = {
	};
	objectVersion = 46;
	objects = {

/* Begin PBXBuildFile section */
		B916A70D1D933E54004B5D46 /* AppDelegate.swift in Sources */ = {isa = PBXBuildFile; fileRef = B916A70C1D933E54004B5D46 /* AppDelegate.swift */; };
		B916A70F1D933E54004B5D46 /* ViewController.swift in Sources */ = {isa = PBXBuildFile; fileRef = B916A70E1D933E54004B5D46 /* ViewController.swift */; };
		B916A7121D933E54004B5D46 /* Main.storyboard in Resources */ = {isa = PBXBuildFile; fileRef = B916A7101D933E54004B5D46 /* Main.storyboard */; };
		B916A7141D933E54004B5D46 /* Images.xcassets in Resources */ = {isa = PBXBuildFile; fileRef = B916A7131D933E54004B5D46 /* Images.xcassets */; };
		B916A7171D933E54004B5D46 /* LaunchScreen.xib in Resources */ = {isa = PBXBuildFile; fileRef = B916A7151D933E54004B5D46 /* LaunchScreen.xib */; };
		B916A7231D933E55004B5D46 /* Jenkin_testTests.swift in Sources */ = {isa = PBXBuildFile; fileRef = B916A7221D933E55004B5D46 /* Jenkin_testTests.swift */; };
/* End PBXBuildFile section */

/* Begin PBXContainerItemProxy section */
		B916A71D1D933E55004B5D46 /* PBXContainerItemProxy */ = {
			isa = PBXContainerItemProxy;
			containerPortal = B916A6FF1D933E54004B5D46 /* Project object */;
			proxyType = 1;
			remoteGlobalIDString = B916A7061D933E54004B5D46;
			remoteInfo = "Jenkin-test";
		};
/* End PBXContainerItemProxy section */

/* Begin PBXFileReference section */
		B916A7071D933E54004B5D46 /* Jenkin-test.app */ = {isa = PBXFileReference; explicitFileType = wrapper.application; includeInIndex = 0; path = "Jenkin-test.app"; sourceTree = BUILT_PRODUCTS_DIR; };
		B916A70B1D933E54004B5D46 /* Info.plist */ = {isa = PBXFileReference; lastKnownFileType = text.plist.xml; path = Info.plist; sourceTree = "<group>"; };
		B916A70C1D933E54004B5D46 /* AppDelegate.swift */ = {isa = PBXFileReference; lastKnownFileType = sourcecode.swift; path = AppDelegate.swift; sourceTree = "<group>"; };
		B916A70E1D933E54004B5D46 /* ViewController.swift */ = {isa = PBXFileReference; lastKnownFileType = sourcecode.swift; path = ViewController.swift; sourceTree = "<group>"; };
		B916A7111D933E54004B5D46 /* Base */ = {isa = PBXFileReference; lastKnownFileType = file.storyboard; name = Base; path = Base.lproj/Main.storyboard; sourceTree = "<group>"; };
		B916A7131D933E54004B5D46 /* Images.xcassets */ = {isa = PBXFileReference; lastKnownFileType = folder.assetcatalog; path = Images.xcassets; sourceTree = "<group>"; };
		B916A7161D933E54004B5D46 /* Base */ = {isa = PBXFileReference; lastKnownFileType = file.xib; name = Base; path = Base.lproj/LaunchScreen.xib; sourceTree = "<group>"; };
		B916A71C1D933E55004B5D46 /* Jenkin-testTests.xctest */ = {isa = PBXFileReference; explicitFileType = wrapper.cfbundle; includeInIndex = 0; path = "Jenkin-testTests.xctest"; sourceTree = BUILT_PRODUCTS_DIR; };
		B916A7211D933E55004B5D46 /* Info.plist */ = {isa = PBXFileReference; lastKnownFileType = text.plist.xml; path = Info.plist; sourceTree = "<group>"; };
		B916A7221D933E55004B5D46 /* Jenkin_testTests.swift */ = {isa = PBXFileReference; lastKnownFileType = sourcecode.swift; path = Jenkin_testTests.swift; sourceTree = "<group>"; };
/* End PBXFileReference section */

/* Begin PBXFrameworksBuildPhase section */
		B916A7041D933E54004B5D46 /* Frameworks */ = {
			isa = PBXFrameworksBuildPhase;
			buildActionMask = 2147483647;
			files = (
			);
			runOnlyForDeploymentPostprocessing = 0;
		};
		B916A7191D933E55004B5D46 /* Frameworks */ = {
			isa = PBXFrameworksBuildPhase;
			buildActionMask = 2147483647;
			files = (
			);
			runOnlyForDeploymentPostprocessing = 0;
		};
/* End PBXFrameworksBuildPhase section */

/* Begin PBXGroup section */
		B916A6FE1D933E54004B5D46 = {
			isa = PBXGroup;
			children = (
				B916A7091D933E54004B5D46 /* Jenkin-test */,
				B916A71F1D933E55004B5D46 /* Jenkin-testTests */,
				B916A7081D933E54004B5D46 /* Products */,
			);
			sourceTree = "<group>";
		};
		B916A7081D933E54004B5D46 /* Products */ = {
			isa = PBXGroup;
			children = (
				B916A7071D933E54004B5D46 /* Jenkin-test.app */,
				B916A71C1D933E55004B5D46 /* Jenkin-testTests.xctest */,
			);
			name = Products;
			sourceTree = "<group>";
		};
		B916A7091D933E54004B5D46 /* Jenkin-test */ = {
			isa = PBXGroup;
			children = (
				B916A70C1D933E54004B5D46 /* AppDelegate.swift */,
				B916A70E1D933E54004B5D46 /* ViewController.swift */,
				B916A7101D933E54004B5D46 /* Main.storyboard */,
				B916A7131D933E54004B5D46 /* Images.xcassets */,
				B916A7151D933E54004B5D46 /* LaunchScreen.xib */,
				B916A70A1D933E54004B5D46 /* Supporting Files */,
			);
			path = "Jenkin-test";
			sourceTree = "<group>";
		};
		B916A70A1D933E54004B5D46 /* Supporting Files */ = {
			isa = PBXGroup;
			children = (
				B916A70B1D933E54004B5D46 /* Info.plist */,
			);
			name = "Supporting Files";
			sourceTree = "<group>";
		};
		B916A71F1D933E55004B5D46 /* Jenkin-testTests */ = {
			isa = PBXGroup;
			children = (
				B916A7221D933E55004B5D46 /* Jenkin_testTests.swift */,
				B916A7201D933E55004B5D46 /* Supporting Files */,
			);
			path = "Jenkin-testTests";
			sourceTree = "<group>";
		};
		B916A7201D933E55004B5D46 /* Supporting Files */ = {
			isa = PBXGroup;
			children = (
				B916A7211D933E55004B5D46 /* Info.plist */,
			);
			name = "Supporting Files";
			sourceTree = "<group>";
		};
/* End PBXGroup section */

/* Begin PBXNativeTarget section */
		B916A7061D933E54004B5D46 /* Jenkin-test */ = {
			isa = PBXNativeTarget;
			buildConfigurationList = B916A7261D933E55004B5D46 /* Build configuration list for PBXNativeTarget "Jenkin-test" */;
			buildPhases = (
				B916A7031D933E54004B5D46 /* Sources */,
				B916A7041D933E54004B5D46 /* Frameworks */,
				B916A7051D933E54004B5D46 /* Resources */,
			);
			buildRules = (
			);
			dependencies = (
			);
			name = "Jenkin-test";
			productName = "Jenkin-test";
			productReference = B916A7071D933E54004B5D46 /* Jenkin-test.app */;
			productType = "com.apple.product-type.application";
		};
		B916A71B1D933E55004B5D46 /* Jenkin-testTests */ = {
			isa = PBXNativeTarget;
			buildConfigurationList = B916A7291D933E55004B5D46 /* Build configuration list for PBXNativeTarget "Jenkin-testTests" */;
			buildPhases = (
				B916A7181D933E55004B5D46 /* Sources */,
				B916A7191D933E55004B5D46 /* Frameworks */,
				B916A71A1D933E55004B5D46 /* Resources */,
			);
			buildRules = (
			);
			dependencies = (
				B916A71E1D933E55004B5D46 /* PBXTargetDependency */,
			);
			name = "Jenkin-testTests";
			productName = "Jenkin-testTests";
			productReference = B916A71C1D933E55004B5D46 /* Jenkin-testTests.xctest */;
			productType = "com.apple.product-type.bundle.unit-test";
		};
/* End PBXNativeTarget section */

/* Begin PBXProject section */
		B916A6FF1D933E54004B5D46 /* Project object */ = {
			isa = PBXProject;
			attributes = {
				LastUpgradeCheck = 0640;
				ORGANIZATIONNAME = "Earth Mahanan";
				TargetAttributes = {
					B916A7061D933E54004B5D46 = {
						CreatedOnToolsVersion = 6.4;
					};
					B916A71B1D933E55004B5D46 = {
						CreatedOnToolsVersion = 6.4;
						TestTargetID = B916A7061D933E54004B5D46;
					};
				};
			};
			buildConfigurationList = B916A7021D933E54004B5D46 /* Build configuration list for PBXProject "Jenkin-test" */;
			compatibilityVersion = "Xcode 3.2";
			developmentRegion = English;
			hasScannedForEncodings = 0;
			knownRegions = (
				en,
				Base,
			);
			mainGroup = B916A6FE1D933E54004B5D46;
			productRefGroup = B916A7081D933E54004B5D46 /* Products */;
			projectDirPath = "";
			projectRoot = "";
			targets = (
				B916A7061D933E54004B5D46 /* Jenkin-test */,
				B916A71B1D933E55004B5D46 /* Jenkin-testTests */,
			);
		};
/* End PBXProject section */

/* Begin PBXResourcesBuildPhase section */
		B916A7051D933E54004B5D46 /* Resources */ = {
			isa = PBXResourcesBuildPhase;
			buildActionMask = 2147483647;
			files = (
				B916A7121D933E54004B5D46 /* Main.storyboard in Resources */,
				B916A7171D933E54004B5D46 /* LaunchScreen.xib in Resources */,
				B916A7141D933E54004B5D46 /* Images.xcassets in Resources */,
			);
			runOnlyForDeploymentPostprocessing = 0;
		};
		B916A71A1D933E55004B5D46 /* Resources */ = {
			isa = PBXResourcesBuildPhase;
			buildActionMask = 2147483647;
			files = (
			);
			runOnlyForDeploymentPostprocessing = 0;
		};
/* End PBXResourcesBuildPhase section */

/* Begin PBXSourcesBuildPhase section */
		B916A7031D933E54004B5D46 /* Sources */ = {
			isa = PBXSourcesBuildPhase;
			buildActionMask = 2147483647;
			files = (
				B916A70F1D933E54004B5D46 /* ViewController.swift in Sources */,
				B916A70D1D933E54004B5D46 /* AppDelegate.swift in Sources */,
			);
			runOnlyForDeploymentPostprocessing = 0;
		};
		B916A7181D933E55004B5D46 /* Sources */ = {
			isa = PBXSourcesBuildPhase;
			buildActionMask = 2147483647;
			files = (
				B916A7231D933E55004B5D46 /* Jenkin_testTests.swift in Sources */,
			);
			runOnlyForDeploymentPostprocessing = 0;
		};
/* End PBXSourcesBuildPhase section */

/* Begin PBXTargetDependency section */
		B916A71E1D933E55004B5D46 /* PBXTargetDependency */ = {
			isa = PBXTargetDependency;
			target = B916A7061D933E54004B5D46 /* Jenkin-test */;
			targetProxy = B916A71D1D933E55004B5D46 /* PBXContainerItemProxy */;
		};
/* End PBXTargetDependency section */

/* Begin PBXVariantGroup section */
		B916A7101D933E54004B5D46 /* Main.storyboard */ = {
			isa = PBXVariantGroup;
			children = (
				B916A7111D933E54004B5D46 /* Base */,
			);
			name = Main.storyboard;
			sourceTree = "<group>";
		};
		B916A7151D933E54004B5D46 /* LaunchScreen.xib */ = {
			isa = PBXVariantGroup;
			children = (
				B916A7161D933E54004B5D46 /* Base */,
			);
			name = LaunchScreen.xib;
			sourceTree = "<group>";
		};
/* End PBXVariantGroup section */

/* Begin XCBuildConfiguration section */
		B916A7241D933E55004B5D46 /* Debug */ = {
			isa = XCBuildConfiguration;
			buildSettings = {
				ALWAYS_SEARCH_USER_PATHS = NO;
				CLANG_CXX_LANGUAGE_STANDARD = "gnu++0x";
				CLANG_CXX_LIBRARY = "libc++";
				CLANG_ENABLE_MODULES = YES;
				CLANG_ENABLE_OBJC_ARC = YES;
				CLANG_WARN_BOOL_CONVERSION = YES;
				CLANG_WARN_CONSTANT_CONVERSION = YES;
				CLANG_WARN_DIRECT_OBJC_ISA_USAGE = YES_ERROR;
				CLANG_WARN_EMPTY_BODY = YES;
				CLANG_WARN_ENUM_CONVERSION = YES;
				CLANG_WARN_INT_CONVERSION = YES;
				CLANG_WARN_OBJC_ROOT_CLASS = YES_ERROR;
				CLANG_WARN_UNREACHABLE_CODE = YES;
				CLANG_WARN__DUPLICATE_METHOD_MATCH = YES;
				"CODE_SIGN_IDENTITY[sdk=iphoneos*]" = "iPhone Developer";
				COPY_PHASE_STRIP = NO;
				DEBUG_INFORMATION_FORMAT = "dwarf-with-dsym";
				ENABLE_STRICT_OBJC_MSGSEND = YES;
				GCC_C_LANGUAGE_STANDARD = gnu99;
				GCC_DYNAMIC_NO_PIC = NO;
				GCC_NO_COMMON_BLOCKS = YES;
				GCC_OPTIMIZATION_LEVEL = 0;
				GCC_PREPROCESSOR_DEFINITIONS = (
					"DEBUG=1",
					"$(inherited)",
				);
				GCC_SYMBOLS_PRIVATE_EXTERN = NO;
				GCC_WARN_64_TO_32_BIT_CONVERSION = YES;
				GCC_WARN_ABOUT_RETURN_TYPE = YES_ERROR;
				GCC_WARN_UNDECLARED_SELECTOR = YES;
				GCC_WARN_UNINITIALIZED_AUTOS = YES_AGGRESSIVE;
				GCC_WARN_UNUSED_FUNCTION = YES;
				GCC_WARN_UNUSED_VARIABLE = YES;
				IPHONEOS_DEPLOYMENT_TARGET = 8.4;
				MTL_ENABLE_DEBUG_INFO = YES;
				ONLY_ACTIVE_ARCH = YES;
				SDKROOT = iphoneos;
				SWIFT_OPTIMIZATION_LEVEL = "-Onone";
				TARGETED_DEVICE_FAMILY = "1,2";
			};
			name = Debug;
		};
		B916A7251D933E55004B5D46 /* Release */ = {
			isa = XCBuildConfiguration;
			buildSettings = {
				ALWAYS_SEARCH_USER_PATHS = NO;
				CLANG_CXX_LANGUAGE_STANDARD = "gnu++0x";
				CLANG_CXX_LIBRARY = "libc++";
				CLANG_ENABLE_MODULES = YES;
				CLANG_ENABLE_OBJC_ARC = YES;
				CLANG_WARN_BOOL_CONVERSION = YES;
				CLANG_WARN_CONSTANT_CONVERSION = YES;
				CLANG_WARN_DIRECT_OBJC_ISA_USAGE = YES_ERROR;
				CLANG_WARN_EMPTY_BODY = YES;
				CLANG_WARN_ENUM_CONVERSION = YES;
				CLANG_WARN_INT_CONVERSION = YES;
				CLANG_WARN_OBJC_ROOT_CLASS = YES_ERROR;
				CLANG_WARN_UNREACHABLE_CODE = YES;
				CLANG_WARN__DUPLICATE_METHOD_MATCH = YES;
				"CODE_SIGN_IDENTITY[sdk=iphoneos*]" = "iPhone Developer";
				COPY_PHASE_STRIP = NO;
				DEBUG_INFORMATION_FORMAT = "dwarf-with-dsym";
				ENABLE_NS_ASSERTIONS = NO;
				ENABLE_STRICT_OBJC_MSGSEND = YES;
				GCC_C_LANGUAGE_STANDARD = gnu99;
				GCC_NO_COMMON_BLOCKS = YES;
				GCC_WARN_64_TO_32_BIT_CONVERSION = YES;
				GCC_WARN_ABOUT_RETURN_TYPE = YES_ERROR;
				GCC_WARN_UNDECLARED_SELECTOR = YES;
				GCC_WARN_UNINITIALIZED_AUTOS = YES_AGGRESSIVE;
				GCC_WARN_UNUSED_FUNCTION = YES;
				GCC_WARN_UNUSED_VARIABLE = YES;
				IPHONEOS_DEPLOYMENT_TARGET = 8.4;
				MTL_ENABLE_DEBUG_INFO = NO;
				SDKROOT = iphoneos;
				TARGETED_DEVICE_FAMILY = "1,2";
				VALIDATE_PRODUCT = YES;
			};
			name = Release;
		};
		B916A7271D933E55004B5D46 /* Debug */ = {
			isa = XCBuildConfiguration;
			buildSettings = {
				ASSETCATALOG_COMPILER_APPICON_NAME = AppIcon;
				INFOPLIST_FILE = "Jenkin-test/Info.plist";
				LD_RUNPATH_SEARCH_PATHS = "$(inherited) @executable_path/Frameworks";
				PRODUCT_NAME = "$(TARGET_NAME)";
			};
			name = Debug;
		};
		B916A7281D933E55004B5D46 /* Release */ = {
			isa = XCBuildConfiguration;
			buildSettings = {
				ASSETCATALOG_COMPILER_APPICON_NAME = AppIcon;
				INFOPLIST_FILE = "Jenkin-test/Info.plist";
				LD_RUNPATH_SEARCH_PATHS = "$(inherited) @executable_path/Frameworks";
				PRODUCT_NAME = "$(TARGET_NAME)";
			};
			name = Release;
		};
		B916A72A1D933E55004B5D46 /* Debug */ = {
			isa = XCBuildConfiguration;
			buildSettings = {
				BUNDLE_LOADER = "$(TEST_HOST)";
				FRAMEWORK_SEARCH_PATHS = (
					"$(SDKROOT)/Developer/Library/Frameworks",
					"$(inherited)",
				);
				GCC_PREPROCESSOR_DEFINITIONS = (
					"DEBUG=1",
					"$(inherited)",
				);
				INFOPLIST_FILE = "Jenkin-testTests/Info.plist";
				LD_RUNPATH_SEARCH_PATHS = "$(inherited) @executable_path/Frameworks @loader_path/Frameworks";
				PRODUCT_NAME = "$(TARGET_NAME)";
				TEST_HOST = "$(BUILT_PRODUCTS_DIR)/Jenkin-test.app/Jenkin-test";
			};
			name = Debug;
		};
		B916A72B1D933E55004B5D46 /* Release */ = {
			isa = XCBuildConfiguration;
			buildSettings = {
				BUNDLE_LOADER = "$(TEST_HOST)";
				FRAMEWORK_SEARCH_PATHS = (
					"$(SDKROOT)/Developer/Library/Frameworks",
					"$(inherited)",
				);
				INFOPLIST_FILE = "Jenkin-testTests/Info.plist";
				LD_RUNPATH_SEARCH_PATHS = "$(inherited) @executable_path/Frameworks @loader_path/Frameworks";
				PRODUCT_NAME = "$(TARGET_NAME)";
				TEST_HOST = "$(BUILT_PRODUCTS_DIR)/Jenkin-test.app/Jenkin-test";
			};
			name = Release;
		};
/* End XCBuildConfiguration section */

/* Begin XCConfigurationList section */
		B916A7021D933E54004B5D46 /* Build configuration list for PBXProject "Jenkin-test" */ = {
			isa = XCConfigurationList;
			buildConfigurations = (
				B916A7241D933E55004B5D46 /* Debug */,
				B916A7251D933E55004B5D46 /* Release */,
			);
			defaultConfigurationIsVisible = 0;
			defaultConfigurationName = Release;
		};
		B916A7261D933E55004B5D46 /* Build configuration list for PBXNativeTarget "Jenkin-test" */ = {
			isa = XCConfigurationList;
			buildConfigurations = (
				B916A7271D933E55004B5D46 /* Debug */,
				B916A7281D933E55004B5D46 /* Release */,
			);
			defaultConfigurationIsVisible = 0;
		};
		B916A7291D933E55004B5D46 /* Build configuration list for PBXNativeTarget "Jenkin-testTests" */ = {
			isa = XCConfigurationList;
			buildConfigurations = (
				B916A72A1D933E55004B5D46 /* Debug */,
				B916A72B1D933E55004B5D46 /* Release */,
			);
			defaultConfigurationIsVisible = 0;
		};
/* End XCConfigurationList section */
	};
	rootObject = B916A6FF1D933E54004B5D46 /* Project object */;
}
